
Microsoft Visual Studio Solution File, Format Version 12.00
# Visual Studio Version 17
VisualStudioVersion = 17.5.33530.505
MinimumVisualStudioVersion = 10.0.40219.1
Project("{FAE04EC0-301F-11D3-BF4B-00C04F79EFBC}") = "Train", "Train\Train.csproj", "{23B034EC-1F85-4425-9FC2-65CA0D2925AE}"
EndProject
Project("{FAE04EC0-301F-11D3-BF4B-00C04F79EFBC}") = "listOperations", "listOperations\listOperations.csproj", "{713D01E5-9E37-4771-A4B4-ADB1B9D37AE7}"
EndProject
Project("{FAE04EC0-301F-11D3-BF4B-00C04F79EFBC}") = "softUniCoursePlanning", "softUniCoursePlanning\softUniCoursePlanning.csproj", "{375FB538-82E6-4941-A925-C25A11E0297C}"
EndProject
Global
	GlobalSection(SolutionConfigurationPlatforms) = preSolution
		Debug|Any CPU = Debug|Any CPU
		Release|Any CPU = Release|Any CPU
	EndGlobalSection
	GlobalSection(ProjectConfigurationPlatforms) = postSolution
		{23B034EC-1F85-4425-9FC2-65CA0D2925AE}.Debug|Any CPU.ActiveCfg = Debug|Any CPU
		{23B034EC-1F85-4425-9FC2-65CA0D2925AE}.Debug|Any CPU.Build.0 = Debug|Any CPU
		{23B034EC-1F85-4425-9FC2-65CA0D2925AE}.Release|Any CPU.ActiveCfg = Release|Any CPU
		{23B034EC-1F85-4425-9FC2-65CA0D2925AE}.Release|Any CPU.Build.0 = Release|Any CPU
		{713D01E5-9E37-4771-A4B4-ADB1B9D37AE7}.Debug|Any CPU.ActiveCfg = Debug|Any CPU
		{713D01E5-9E37-4771-A4B4-ADB1B9D37AE7}.Debug|Any CPU.Build.0 = Debug|Any CPU
		{713D01E5-9E37-4771-A4B4-ADB1B9D37AE7}.Release|Any CPU.ActiveCfg = Release|Any CPU
		{713D01E5-9E37-4771-A4B4-ADB1B9D37AE7}.Release|Any CPU.Build.0 = Release|Any CPU
		{375FB538-82E6-4941-A925-C25A11E0297C}.Debug|Any CPU.ActiveCfg = Debug|Any CPU
		{375FB538-82E6-4941-A925-C25A11E0297C}.Debug|Any CPU.Build.0 = Debug|Any CPU
		{375FB538-82E6-4941-A925-C25A11E0297C}.Release|Any CPU.ActiveCfg = Release|Any CPU
		{375FB538-82E6-4941-A925-C25A11E0297C}.Release|Any CPU.Build.0 = Release|Any CPU
	EndGlobalSection
	GlobalSection(SolutionProperties) = preSolution
		HideSolutionNode = FALSE
	EndGlobalSection
	GlobalSection(ExtensibilityGlobals) = postSolution
		SolutionGuid = {5D3425B6-AF50-4D5D-A027-C249D60E5938}
	EndGlobalSection
EndGlobal
