
Microsoft Visual Studio Solution File, Format Version 12.00
# Visual Studio Version 17
VisualStudioVersion = 17.5.33530.505
MinimumVisualStudioVersion = 10.0.40219.1
Project("{FAE04EC0-301F-11D3-BF4B-00C04F79EFBC}") = "guineaPig", "guineaPig\guineaPig.csproj", "{7355030E-10DE-4C00-AF35-94ED23C98049}"
EndProject
Project("{FAE04EC0-301F-11D3-BF4B-00C04F79EFBC}") = "shoppingList", "shoppingList\shoppingList.csproj", "{2547D299-AD99-4F98-BCA8-8A80F54DC528}"
EndProject
Global
	GlobalSection(SolutionConfigurationPlatforms) = preSolution
		Debug|Any CPU = Debug|Any CPU
		Release|Any CPU = Release|Any CPU
	EndGlobalSection
	GlobalSection(ProjectConfigurationPlatforms) = postSolution
		{7355030E-10DE-4C00-AF35-94ED23C98049}.Debug|Any CPU.ActiveCfg = Debug|Any CPU
		{7355030E-10DE-4C00-AF35-94ED23C98049}.Debug|Any CPU.Build.0 = Debug|Any CPU
		{7355030E-10DE-4C00-AF35-94ED23C98049}.Release|Any CPU.ActiveCfg = Release|Any CPU
		{7355030E-10DE-4C00-AF35-94ED23C98049}.Release|Any CPU.Build.0 = Release|Any CPU
		{2547D299-AD99-4F98-BCA8-8A80F54DC528}.Debug|Any CPU.ActiveCfg = Debug|Any CPU
		{2547D299-AD99-4F98-BCA8-8A80F54DC528}.Debug|Any CPU.Build.0 = Debug|Any CPU
		{2547D299-AD99-4F98-BCA8-8A80F54DC528}.Release|Any CPU.ActiveCfg = Release|Any CPU
		{2547D299-AD99-4F98-BCA8-8A80F54DC528}.Release|Any CPU.Build.0 = Release|Any CPU
	EndGlobalSection
	GlobalSection(SolutionProperties) = preSolution
		HideSolutionNode = FALSE
	EndGlobalSection
	GlobalSection(ExtensibilityGlobals) = postSolution
		SolutionGuid = {42ED7933-115F-4654-87A3-F2F4FE110704}
	EndGlobalSection
EndGlobal
