
Microsoft Visual Studio Solution File, Format Version 12.00
# Visual Studio Version 17
VisualStudioVersion = 17.5.33530.505
MinimumVisualStudioVersion = 10.0.40219.1
Project("{FAE04EC0-301F-11D3-BF4B-00C04F79EFBC}") = "inventory", "inventory\inventory.csproj", "{DCCAB80A-B559-49CD-B084-DDFA651B4A00}"
EndProject
Project("{FAE04EC0-301F-11D3-BF4B-00C04F79EFBC}") = "bonusScoringSystem", "bonusScoringSystem\bonusScoringSystem.csproj", "{96BB391D-A805-4504-9DED-EB9DDE9912F4}"
EndProject
Project("{FAE04EC0-301F-11D3-BF4B-00C04F79EFBC}") = "arrayModifier", "arrayModifier\arrayModifier.csproj", "{12306F9C-803B-40BA-97DA-80AC690B4101}"
EndProject
Global
	GlobalSection(SolutionConfigurationPlatforms) = preSolution
		Debug|Any CPU = Debug|Any CPU
		Release|Any CPU = Release|Any CPU
	EndGlobalSection
	GlobalSection(ProjectConfigurationPlatforms) = postSolution
		{DCCAB80A-B559-49CD-B084-DDFA651B4A00}.Debug|Any CPU.ActiveCfg = Debug|Any CPU
		{DCCAB80A-B559-49CD-B084-DDFA651B4A00}.Debug|Any CPU.Build.0 = Debug|Any CPU
		{DCCAB80A-B559-49CD-B084-DDFA651B4A00}.Release|Any CPU.ActiveCfg = Release|Any CPU
		{DCCAB80A-B559-49CD-B084-DDFA651B4A00}.Release|Any CPU.Build.0 = Release|Any CPU
		{96BB391D-A805-4504-9DED-EB9DDE9912F4}.Debug|Any CPU.ActiveCfg = Debug|Any CPU
		{96BB391D-A805-4504-9DED-EB9DDE9912F4}.Debug|Any CPU.Build.0 = Debug|Any CPU
		{96BB391D-A805-4504-9DED-EB9DDE9912F4}.Release|Any CPU.ActiveCfg = Release|Any CPU
		{96BB391D-A805-4504-9DED-EB9DDE9912F4}.Release|Any CPU.Build.0 = Release|Any CPU
		{12306F9C-803B-40BA-97DA-80AC690B4101}.Debug|Any CPU.ActiveCfg = Debug|Any CPU
		{12306F9C-803B-40BA-97DA-80AC690B4101}.Debug|Any CPU.Build.0 = Debug|Any CPU
		{12306F9C-803B-40BA-97DA-80AC690B4101}.Release|Any CPU.ActiveCfg = Release|Any CPU
		{12306F9C-803B-40BA-97DA-80AC690B4101}.Release|Any CPU.Build.0 = Release|Any CPU
	EndGlobalSection
	GlobalSection(SolutionProperties) = preSolution
		HideSolutionNode = FALSE
	EndGlobalSection
	GlobalSection(ExtensibilityGlobals) = postSolution
		SolutionGuid = {01F09FF3-D68E-4D38-80ED-35CE33D13BE2}
	EndGlobalSection
EndGlobal
