
Microsoft Visual Studio Solution File, Format Version 12.00
# Visual Studio Version 17
VisualStudioVersion = 17.5.33530.505
MinimumVisualStudioVersion = 10.0.40219.1
Project("{FAE04EC0-301F-11D3-BF4B-00C04F79EFBC}") = "dataTypeFinder", "dataTypeFinder\dataTypeFinder.csproj", "{C510CD3F-FF6A-4187-9DCA-3D5A5D82CA6B}"
EndProject
Project("{FAE04EC0-301F-11D3-BF4B-00C04F79EFBC}") = "floatingEquality", "floatingEquality\floatingEquality.csproj", "{D02B6FB6-E3D2-49FC-8B70-DF232E9F037D}"
EndProject
Project("{FAE04EC0-301F-11D3-BF4B-00C04F79EFBC}") = "refactoringPrimeChecker", "refactoringPrimeChecker\refactoringPrimeChecker.csproj", "{208DF9C3-6B22-48AB-9388-09A8917BEB01}"
EndProject
Project("{FAE04EC0-301F-11D3-BF4B-00C04F79EFBC}") = "decryptingMessage", "decryptingMessage\decryptingMessage.csproj", "{C0101B89-BC99-4330-8F8D-2D5670D98BF7}"
EndProject
Project("{FAE04EC0-301F-11D3-BF4B-00C04F79EFBC}") = "fromTheLeftToTheRight", "fromTheLeftToTheRight\fromTheLeftToTheRight.csproj", "{7B28E848-3AAF-4EC5-911A-9E69E77A9716}"
EndProject
Project("{FAE04EC0-301F-11D3-BF4B-00C04F79EFBC}") = "balancedBrackets", "balancedBrackets\balancedBrackets.csproj", "{FA274CA0-EFAD-4B77-A6A1-B29946747EFB}"
EndProject
Global
	GlobalSection(SolutionConfigurationPlatforms) = preSolution
		Debug|Any CPU = Debug|Any CPU
		Release|Any CPU = Release|Any CPU
	EndGlobalSection
	GlobalSection(ProjectConfigurationPlatforms) = postSolution
		{C510CD3F-FF6A-4187-9DCA-3D5A5D82CA6B}.Debug|Any CPU.ActiveCfg = Debug|Any CPU
		{C510CD3F-FF6A-4187-9DCA-3D5A5D82CA6B}.Debug|Any CPU.Build.0 = Debug|Any CPU
		{C510CD3F-FF6A-4187-9DCA-3D5A5D82CA6B}.Release|Any CPU.ActiveCfg = Release|Any CPU
		{C510CD3F-FF6A-4187-9DCA-3D5A5D82CA6B}.Release|Any CPU.Build.0 = Release|Any CPU
		{D02B6FB6-E3D2-49FC-8B70-DF232E9F037D}.Debug|Any CPU.ActiveCfg = Debug|Any CPU
		{D02B6FB6-E3D2-49FC-8B70-DF232E9F037D}.Debug|Any CPU.Build.0 = Debug|Any CPU
		{D02B6FB6-E3D2-49FC-8B70-DF232E9F037D}.Release|Any CPU.ActiveCfg = Release|Any CPU
		{D02B6FB6-E3D2-49FC-8B70-DF232E9F037D}.Release|Any CPU.Build.0 = Release|Any CPU
		{208DF9C3-6B22-48AB-9388-09A8917BEB01}.Debug|Any CPU.ActiveCfg = Debug|Any CPU
		{208DF9C3-6B22-48AB-9388-09A8917BEB01}.Debug|Any CPU.Build.0 = Debug|Any CPU
		{208DF9C3-6B22-48AB-9388-09A8917BEB01}.Release|Any CPU.ActiveCfg = Release|Any CPU
		{208DF9C3-6B22-48AB-9388-09A8917BEB01}.Release|Any CPU.Build.0 = Release|Any CPU
		{C0101B89-BC99-4330-8F8D-2D5670D98BF7}.Debug|Any CPU.ActiveCfg = Debug|Any CPU
		{C0101B89-BC99-4330-8F8D-2D5670D98BF7}.Debug|Any CPU.Build.0 = Debug|Any CPU
		{C0101B89-BC99-4330-8F8D-2D5670D98BF7}.Release|Any CPU.ActiveCfg = Release|Any CPU
		{C0101B89-BC99-4330-8F8D-2D5670D98BF7}.Release|Any CPU.Build.0 = Release|Any CPU
		{7B28E848-3AAF-4EC5-911A-9E69E77A9716}.Debug|Any CPU.ActiveCfg = Debug|Any CPU
		{7B28E848-3AAF-4EC5-911A-9E69E77A9716}.Debug|Any CPU.Build.0 = Debug|Any CPU
		{7B28E848-3AAF-4EC5-911A-9E69E77A9716}.Release|Any CPU.ActiveCfg = Release|Any CPU
		{7B28E848-3AAF-4EC5-911A-9E69E77A9716}.Release|Any CPU.Build.0 = Release|Any CPU
		{FA274CA0-EFAD-4B77-A6A1-B29946747EFB}.Debug|Any CPU.ActiveCfg = Debug|Any CPU
		{FA274CA0-EFAD-4B77-A6A1-B29946747EFB}.Debug|Any CPU.Build.0 = Debug|Any CPU
		{FA274CA0-EFAD-4B77-A6A1-B29946747EFB}.Release|Any CPU.ActiveCfg = Release|Any CPU
		{FA274CA0-EFAD-4B77-A6A1-B29946747EFB}.Release|Any CPU.Build.0 = Release|Any CPU
	EndGlobalSection
	GlobalSection(SolutionProperties) = preSolution
		HideSolutionNode = FALSE
	EndGlobalSection
	GlobalSection(ExtensibilityGlobals) = postSolution
		SolutionGuid = {87FC2117-CCC5-43BE-9D4B-B78B055BCA03}
	EndGlobalSection
EndGlobal
