
Microsoft Visual Studio Solution File, Format Version 12.00
# Visual Studio Version 17
VisualStudioVersion = 17.5.33530.505
MinimumVisualStudioVersion = 10.0.40219.1
Project("{FAE04EC0-301F-11D3-BF4B-00C04F79EFBC}") = "computerStore", "computerStore\computerStore.csproj", "{CC76A53C-282C-466C-90AA-6E26808133D4}"
EndProject
Project("{FAE04EC0-301F-11D3-BF4B-00C04F79EFBC}") = "muOnline", "muOnline\muOnline.csproj", "{2B647945-E371-486D-A6B5-F4E3E992539F}"
EndProject
Project("{FAE04EC0-301F-11D3-BF4B-00C04F79EFBC}") = "heartDelivery", "heartDelivery\heartDelivery.csproj", "{1A58A430-E4A8-42F2-B236-798DB162D276}"
EndProject
Global
	GlobalSection(SolutionConfigurationPlatforms) = preSolution
		Debug|Any CPU = Debug|Any CPU
		Release|Any CPU = Release|Any CPU
	EndGlobalSection
	GlobalSection(ProjectConfigurationPlatforms) = postSolution
		{CC76A53C-282C-466C-90AA-6E26808133D4}.Debug|Any CPU.ActiveCfg = Debug|Any CPU
		{CC76A53C-282C-466C-90AA-6E26808133D4}.Debug|Any CPU.Build.0 = Debug|Any CPU
		{CC76A53C-282C-466C-90AA-6E26808133D4}.Release|Any CPU.ActiveCfg = Release|Any CPU
		{CC76A53C-282C-466C-90AA-6E26808133D4}.Release|Any CPU.Build.0 = Release|Any CPU
		{2B647945-E371-486D-A6B5-F4E3E992539F}.Debug|Any CPU.ActiveCfg = Debug|Any CPU
		{2B647945-E371-486D-A6B5-F4E3E992539F}.Debug|Any CPU.Build.0 = Debug|Any CPU
		{2B647945-E371-486D-A6B5-F4E3E992539F}.Release|Any CPU.ActiveCfg = Release|Any CPU
		{2B647945-E371-486D-A6B5-F4E3E992539F}.Release|Any CPU.Build.0 = Release|Any CPU
		{1A58A430-E4A8-42F2-B236-798DB162D276}.Debug|Any CPU.ActiveCfg = Debug|Any CPU
		{1A58A430-E4A8-42F2-B236-798DB162D276}.Debug|Any CPU.Build.0 = Debug|Any CPU
		{1A58A430-E4A8-42F2-B236-798DB162D276}.Release|Any CPU.ActiveCfg = Release|Any CPU
		{1A58A430-E4A8-42F2-B236-798DB162D276}.Release|Any CPU.Build.0 = Release|Any CPU
	EndGlobalSection
	GlobalSection(SolutionProperties) = preSolution
		HideSolutionNode = FALSE
	EndGlobalSection
	GlobalSection(ExtensibilityGlobals) = postSolution
		SolutionGuid = {A40BAC22-B0E8-40C4-9FA7-B60AA4BAE2D5}
	EndGlobalSection
EndGlobal
